<?xml version="1.0" encoding="utf-8"?>
<Project ToolsVersion="4.0" xmlns="http://schemas.microsoft.com/developer/msbuild/2003">
  <ItemGroup>
    <Filter Include="Source Files">
      <UniqueIdentifier>{4FC737F1-C7A5-4376-A066-2A32D752A2FF}</UniqueIdentifier>
      <Extensions>cpp;c;cc;cxx;def;odl;idl;hpj;bat;asm;asmx</Extensions>
    </Filter>
    <Filter Include="Header Files">
      <UniqueIdentifier>{93995380-89BD-4b04-88EB-625FBE52EBFB}</UniqueIdentifier>
      <Extensions>h;hh;hpp;hxx;hm;inl;inc;xsd</Extensions>
    </Filter>
    <Filter Include="Resource Files">
      <UniqueIdentifier>{67DA6AB6-F800-4c08-8B7A-83BB121AAD01}</UniqueIdentifier>
      <Extensions>rc;ico;cur;bmp;dlg;rc2;rct;bin;rgs;gif;jpg;jpeg;jpe;resx;tiff;tif;png;wav;mfcribbon-ms</Extensions>
    </Filter>
    <Filter Include="Header Files\Encryption">
      <UniqueIdentifier>{1d7d72a4-8955-4812-87fd-a7e082ac438b}</UniqueIdentifier>
    </Filter>
    <Filter Include="Tools">
      <UniqueIdentifier>{b8bd1204-486f-4a76-8a6b-616a630a97ef}</UniqueIdentifier>
    </Filter>
    <Filter Include="Menu">
      <UniqueIdentifier>{c9849fef-e78c-40fa-8f9b-c8c78c1eb1f3}</UniqueIdentifier>
    </Filter>
  </ItemGroup>
  <ItemGroup>
    <ClCompile Include="HackClass.cpp">
      <Filter>Source Files</Filter>
    </ClCompile>
    <ClCompile Include="main.cpp">
      <Filter>Source Files</Filter>
    </ClCompile>
    <ClCompile Include="Tools.cpp">
      <Filter>Tools</Filter>
    </ClCompile>
    <ClCompile Include="Menu.cpp">
      <Filter>Menu</Filter>
    </ClCompile>
  </ItemGroup>
  <ItemGroup>
    <ClInclude Include="HackClass.h">
      <Filter>Header Files</Filter>
    </ClInclude>
    <ClInclude Include="d3d9includes.h">
      <Filter>Header Files</Filter>
    </ClInclude>
    <ClInclude Include="Addresses.h">
      <Filter>Header Files</Filter>
    </ClInclude>
    <ClInclude Include="consoleTime.h">
      <Filter>Header Files</Filter>
    </ClInclude>
    <ClInclude Include="EncryptedStrings.h">
      <Filter>Header Files\Encryption</Filter>
    </ClInclude>
    <ClInclude Include="XorStr.h">
      <Filter>Header Files\Encryption</Filter>
    </ClInclude>
    <ClInclude Include="Tools.h">
      <Filter>Tools</Filter>
    </ClInclude>
    <ClInclude Include="Colors.h">
      <Filter>Menu</Filter>
    </ClInclude>
    <ClInclude Include="Menu.h">
      <Filter>Menu</Filter>
    </ClInclude>
  </ItemGroup>
</Project>